github.com/fsnotify/fsnotify v1.7.0 h1:8JEhPFa5W2WU7YfeZzNUqz2R45W+59RA/PQ24G0A8MN= h1:8JEhPFa5W2WU7YfeZzNUqz2R45W+59RA/PQ24G0A8MN=
github.com/fsnotify/fsnotify v1.7.0/go.mod h1:40Bi/Hjc2AVfZrqD+Bt+1v5rU4+0nUQ/5V1J2y3q4= h1:40Bi/Hjc2AVfZrqD+Bt+1v5rU4+0nUQ/5V1J2y3q4=
golang.org/x/crypto v0.28.0 h1:GBDwsMXVa3kP0gsZ9Hb51cad2m+MsITE0qpqDC/JwEU= h1:GBDwsMXVa3kP0gsZ9Hb51cad2m+MsITE0qpqDC/JwEU=
golang.org/x/crypto v0.28.0/go.mod h1:boD0kEC/nj+5M/XYX9/oQDTKw8zoj+hrpRrG7/S89M= h1:boD0kEC/nj+5M/XYX9/oQDTKw8zoj+hrpRrG7/S89M=
golang.org/x/net v0.30.0 h1:AcW1SFoynMs3e0MjOdBE5hOzU/qc0j+7+Ss2WXZ0a4= h1:AcW1SFoynMs3e0MjOdBE5hOzU/qc0j+7+Ss2WXZ0a4=
golang.org/x/net v0.30.0/go.mod h1:8/oITzjfbTV/c6Q2UA00Pz5U6Ggct0CodHd9Z1v7Ek= h1:8/oITzjfbTV/c6Q2UA00Pz5U6Ggct0CodHd9Z1v7Ek=
gopkg.in/check.v1 v0.0.0-20161208181225-20d25e280405 h1:yhCVgyC4o1eVCa2tZl7eS0r+SDo692BJJUBgVIN7lfc= h1:yhCVgyC4o1eVCa2tZl7eS0r+SDo692BJJUBgVIN7lfc=
gopkg.in/check.v1 v0.0.0-20161208181225-20d25e280405/go.mod h1:Co6ibVJAznAaIkqp8huTwlJQCZ016jof/cbN4+VDWdE= h1:Co6ibVJAznAaIkqp8huTwlJQCZ016jof/cbN4+VDWdE=
gopkg.in/yaml.v3 v3.0.1 h1:fxVm/GzAzEWqLuvsnF4tpGXRZN/nLNLJM1x2P2/DE58= h1:fxVm/GzAzEWqLuvsnF4tpGXRZN/nLNLJM1x2P2/DE58=
gopkg.in/yaml.v3 v3.0.1/go.mod h1:K4uyk7z7BSeP/rdcYcSWb6Stinw4jQp6bMe9gwQO8= h1:K4uyk7z7BSeP/rdcYcSWb6Stinw4jQp6bMe9gwQO8=
